// !$*UTF8*$!
{
	archiveVersion = 1;
	classes = {
	};
	objectVersion = 46;
	objects = {

/* Begin PBXBuildFile section */
		3109D8841AA0F61700E60F71 /* main.m in Sources */ = {isa = PBXBuildFile; fileRef = 3109D8831AA0F61700E60F71 /* main.m */; };
		3109D8871AA0F61700E60F71 /* AppDelegate.m in Sources */ = {isa = PBXBuildFile; fileRef = 3109D8861AA0F61700E60F71 /* AppDelegate.m */; };
		3109D88A1AA0F61700E60F71 /* ViewController.m in Sources */ = {isa = PBXBuildFile; fileRef = 3109D8891AA0F61700E60F71 /* ViewController.m */; };
		3109D88D1AA0F61700E60F71 /* Main.storyboard in Resources */ = {isa = PBXBuildFile; fileRef = 3109D88B1AA0F61700E60F71 /* Main.storyboard */; };
		3109D88F1AA0F61700E60F71 /* Images.xcassets in Resources */ = {isa = PBXBuildFile; fileRef = 3109D88E1AA0F61700E60F71 /* Images.xcassets */; };
		3109D8921AA0F61700E60F71 /* LaunchScreen.xib in Resources */ = {isa = PBXBuildFile; fileRef = 3109D8901AA0F61700E60F71 /* LaunchScreen.xib */; };
		3109D89E1AA0F61800E60F71 /* anthillTests.m in Sources */ = {isa = PBXBuildFile; fileRef = 3109D89D1AA0F61800E60F71 /* anthillTests.m */; };
/* End PBXBuildFile section */

/* Begin PBXContainerItemProxy section */
		3109D8981AA0F61800E60F71 /* PBXContainerItemProxy */ = {
			isa = PBXContainerItemProxy;
			containerPortal = 3109D8761AA0F61700E60F71 /* Project object */;
			proxyType = 1;
			remoteGlobalIDString = 3109D87D1AA0F61700E60F71;
			remoteInfo = anthill;
		};
/* End PBXContainerItemProxy section */

/* Begin PBXFileReference section */
		3109D87E1AA0F61700E60F71 /* anthill.app */ = {isa = PBXFileReference; explicitFileType = wrapper.application; includeInIndex = 0; path = anthill.app; sourceTree = BUILT_PRODUCTS_DIR; };
		3109D8821AA0F61700E60F71 /* Info.plist */ = {isa = PBXFileReference; lastKnownFileType = text.plist.xml; path = Info.plist; sourceTree = "<group>"; };
		3109D8831AA0F61700E60F71 /* main.m */ = {isa = PBXFileReference; lastKnownFileType = sourcecode.c.objc; path = main.m; sourceTree = "<group>"; };
		3109D8851AA0F61700E60F71 /* AppDelegate.h */ = {isa = PBXFileReference; lastKnownFileType = sourcecode.c.h; path = AppDelegate.h; sourceTree = "<group>"; };
		3109D8861AA0F61700E60F71 /* AppDelegate.m */ = {isa = PBXFileReference; lastKnownFileType = sourcecode.c.objc; path = AppDelegate.m; sourceTree = "<group>"; };
		3109D8881AA0F61700E60F71 /* ViewController.h */ = {isa = PBXFileReference; lastKnownFileType = sourcecode.c.h; path = ViewController.h; sourceTree = "<group>"; };
		3109D8891AA0F61700E60F71 /* ViewController.m */ = {isa = PBXFileReference; lastKnownFileType = sourcecode.c.objc; path = ViewController.m; sourceTree = "<group>"; };
		3109D88C1AA0F61700E60F71 /* Base */ = {isa = PBXFileReference; lastKnownFileType = file.storyboard; name = Base; path = Base.lproj/Main.storyboard; sourceTree = "<group>"; };
		3109D88E1AA0F61700E60F71 /* Images.xcassets */ = {isa = PBXFileReference; lastKnownFileType = folder.assetcatalog; path = Images.xcassets; sourceTree = "<group>"; };
		3109D8911AA0F61700E60F71 /* Base */ = {isa = PBXFileReference; lastKnownFileType = file.xib; name = Base; path = Base.lproj/LaunchScreen.xib; sourceTree = "<group>"; };
		3109D8971AA0F61800E60F71 /* anthillTests.xctest */ = {isa = PBXFileReference; explicitFileType = wrapper.cfbundle; includeInIndex = 0; path = anthillTests.xctest; sourceTree = BUILT_PRODUCTS_DIR; };
		3109D89C1AA0F61800E60F71 /* Info.plist */ = {isa = PBXFileReference; lastKnownFileType = text.plist.xml; path = Info.plist; sourceTree = "<group>"; };
		3109D89D1AA0F61800E60F71 /* anthillTests.m */ = {isa = PBXFileReference; lastKnownFileType = sourcecode.c.objc; path = anthillTests.m; sourceTree = "<group>"; };
/* End PBXFileReference section */

/* Begin PBXFrameworksBuildPhase section */
		3109D87B1AA0F61700E60F71 /* Frameworks */ = {
			isa = PBXFrameworksBuildPhase;
			buildActionMask = 2147483647;
			files = (
			);
			runOnlyForDeploymentPostprocessing = 0;
		};
		3109D8941AA0F61800E60F71 /* Frameworks */ = {
			isa = PBXFrameworksBuildPhase;
			buildActionMask = 2147483647;
			files = (
			);
			runOnlyForDeploymentPostprocessing = 0;
		};
/* End PBXFrameworksBuildPhase section */

/* Begin PBXGroup section */
		3109D8751AA0F61700E60F71 = {
			isa = PBXGroup;
			children = (
				3109D8801AA0F61700E60F71 /* anthill */,
				3109D89A1AA0F61800E60F71 /* anthillTests */,
				3109D87F1AA0F61700E60F71 /* Products */,
			);
			sourceTree = "<group>";
		};
		3109D87F1AA0F61700E60F71 /* Products */ = {
			isa = PBXGroup;
			children = (
				3109D87E1AA0F61700E60F71 /* anthill.app */,
				3109D8971AA0F61800E60F71 /* anthillTests.xctest */,
			);
			name = Products;
			sourceTree = "<group>";
		};
		3109D8801AA0F61700E60F71 /* anthill */ = {
			isa = PBXGroup;
			children = (
				3109D8851AA0F61700E60F71 /* AppDelegate.h */,
				3109D8861AA0F61700E60F71 /* AppDelegate.m */,
				3109D8881AA0F61700E60F71 /* ViewController.h */,
				3109D8891AA0F61700E60F71 /* ViewController.m */,
				3109D88B1AA0F61700E60F71 /* Main.storyboard */,
				3109D88E1AA0F61700E60F71 /* Images.xcassets */,
				3109D8901AA0F61700E60F71 /* LaunchScreen.xib */,
				3109D8811AA0F61700E60F71 /* Supporting Files */,
			);
			path = anthill;
			sourceTree = "<group>";
		};
		3109D8811AA0F61700E60F71 /* Supporting Files */ = {
			isa = PBXGroup;
			children = (
				3109D8821AA0F61700E60F71 /* Info.plist */,
				3109D8831AA0F61700E60F71 /* main.m */,
			);
			name = "Supporting Files";
			sourceTree = "<group>";
		};
		3109D89A1AA0F61800E60F71 /* anthillTests */ = {
			isa = PBXGroup;
			children = (
				3109D89D1AA0F61800E60F71 /* anthillTests.m */,
				3109D89B1AA0F61800E60F71 /* Supporting Files */,
			);
			path = anthillTests;
			sourceTree = "<group>";
		};
		3109D89B1AA0F61800E60F71 /* Supporting Files */ = {
			isa = PBXGroup;
			children = (
				3109D89C1AA0F61800E60F71 /* Info.plist */,
			);
			name = "Supporting Files";
			sourceTree = "<group>";
		};
/* End PBXGroup section */

/* Begin PBXNativeTarget section */
		3109D87D1AA0F61700E60F71 /* anthill */ = {
			isa = PBXNativeTarget;
			buildConfigurationList = 3109D8A11AA0F61800E60F71 /* Build configuration list for PBXNativeTarget "anthill" */;
			buildPhases = (
				3109D87A1AA0F61700E60F71 /* Sources */,
				3109D87B1AA0F61700E60F71 /* Frameworks */,
				3109D87C1AA0F61700E60F71 /* Resources */,
			);
			buildRules = (
			);
			dependencies = (
			);
			name = anthill;
			productName = anthill;
			productReference = 3109D87E1AA0F61700E60F71 /* anthill.app */;
			productType = "com.apple.product-type.application";
		};
		3109D8961AA0F61800E60F71 /* anthillTests */ = {
			isa = PBXNativeTarget;
			buildConfigurationList = 3109D8A41AA0F61800E60F71 /* Build configuration list for PBXNativeTarget "anthillTests" */;
			buildPhases = (
				3109D8931AA0F61800E60F71 /* Sources */,
				3109D8941AA0F61800E60F71 /* Frameworks */,
				3109D8951AA0F61800E60F71 /* Resources */,
			);
			buildRules = (
			);
			dependencies = (
				3109D8991AA0F61800E60F71 /* PBXTargetDependency */,
			);
			name = anthillTests;
			productName = anthillTests;
			productReference = 3109D8971AA0F61800E60F71 /* anthillTests.xctest */;
			productType = "com.apple.product-type.bundle.unit-test";
		};
/* End PBXNativeTarget section */

/* Begin PBXProject section */
		3109D8761AA0F61700E60F71 /* Project object */ = {
			isa = PBXProject;
			attributes = {
				LastUpgradeCheck = 0610;
				ORGANIZATIONNAME = cfr3;
				TargetAttributes = {
					3109D87D1AA0F61700E60F71 = {
						CreatedOnToolsVersion = 6.1.1;
					};
					3109D8961AA0F61800E60F71 = {
						CreatedOnToolsVersion = 6.1.1;
						TestTargetID = 3109D87D1AA0F61700E60F71;
					};
				};
			};
			buildConfigurationList = 3109D8791AA0F61700E60F71 /* Build configuration list for PBXProject "anthill" */;
			compatibilityVersion = "Xcode 3.2";
			developmentRegion = English;
			hasScannedForEncodings = 0;
			knownRegions = (
				en,
				Base,
			);
			mainGroup = 3109D8751AA0F61700E60F71;
			productRefGroup = 3109D87F1AA0F61700E60F71 /* Products */;
			projectDirPath = "";
			projectRoot = "";
			targets = (
				3109D87D1AA0F61700E60F71 /* anthill */,
				3109D8961AA0F61800E60F71 /* anthillTests */,
			);
		};
/* End PBXProject section */

/* Begin PBXResourcesBuildPhase section */
		3109D87C1AA0F61700E60F71 /* Resources */ = {
			isa = PBXResourcesBuildPhase;
			buildActionMask = 2147483647;
			files = (
				3109D88D1AA0F61700E60F71 /* Main.storyboard in Resources */,
				3109D8921AA0F61700E60F71 /* LaunchScreen.xib in Resources */,
				3109D88F1AA0F61700E60F71 /* Images.xcassets in Resources */,
			);
			runOnlyForDeploymentPostprocessing = 0;
		};
		3109D8951AA0F61800E60F71 /* Resources */ = {
			isa = PBXResourcesBuildPhase;
			buildActionMask = 2147483647;
			files = (
			);
			runOnlyForDeploymentPostprocessing = 0;
		};
/* End PBXResourcesBuildPhase section */

/* Begin PBXSourcesBuildPhase section */
		3109D87A1AA0F61700E60F71 /* Sources */ = {
			isa = PBXSourcesBuildPhase;
			buildActionMask = 2147483647;
			files = (
				3109D88A1AA0F61700E60F71 /* ViewController.m in Sources */,
				3109D8871AA0F61700E60F71 /* AppDelegate.m in Sources */,
				3109D8841AA0F61700E60F71 /* main.m in Sources */,
			);
			runOnlyForDeploymentPostprocessing = 0;
		};
		3109D8931AA0F61800E60F71 /* Sources */ = {
			isa = PBXSourcesBuildPhase;
			buildActionMask = 2147483647;
			files = (
				3109D89E1AA0F61800E60F71 /* anthillTests.m in Sources */,
			);
			runOnlyForDeploymentPostprocessing = 0;
		};
/* End PBXSourcesBuildPhase section */

/* Begin PBXTargetDependency section */
		3109D8991AA0F61800E60F71 /* PBXTargetDependency */ = {
			isa = PBXTargetDependency;
			target = 3109D87D1AA0F61700E60F71 /* anthill */;
			targetProxy = 3109D8981AA0F61800E60F71 /* PBXContainerItemProxy */;
		};
/* End PBXTargetDependency section */

/* Begin PBXVariantGroup section */
		3109D88B1AA0F61700E60F71 /* Main.storyboard */ = {
			isa = PBXVariantGroup;
			children = (
				3109D88C1AA0F61700E60F71 /* Base */,
			);
			name = Main.storyboard;
			sourceTree = "<group>";
		};
		3109D8901AA0F61700E60F71 /* LaunchScreen.xib */ = {
			isa = PBXVariantGroup;
			children = (
				3109D8911AA0F61700E60F71 /* Base */,
			);
			name = LaunchScreen.xib;
			sourceTree = "<group>";
		};
/* End PBXVariantGroup section */

/* Begin XCBuildConfiguration section */
		3109D89F1AA0F61800E60F71 /* Debug */ = {
			isa = XCBuildConfiguration;
			buildSettings = {
				ALWAYS_SEARCH_USER_PATHS = NO;
				CLANG_CXX_LANGUAGE_STANDARD = "gnu++0x";
				CLANG_CXX_LIBRARY = "libc++";
				CLANG_ENABLE_MODULES = YES;
				CLANG_ENABLE_OBJC_ARC = YES;
				CLANG_WARN_BOOL_CONVERSION = YES;
				CLANG_WARN_CONSTANT_CONVERSION = YES;
				CLANG_WARN_DIRECT_OBJC_ISA_USAGE = YES_ERROR;
				CLANG_WARN_EMPTY_BODY = YES;
				CLANG_WARN_ENUM_CONVERSION = YES;
				CLANG_WARN_INT_CONVERSION = YES;
				CLANG_WARN_OBJC_ROOT_CLASS = YES_ERROR;
				CLANG_WARN_UNREACHABLE_CODE = YES;
				CLANG_WARN__DUPLICATE_METHOD_MATCH = YES;
				"CODE_SIGN_IDENTITY[sdk=iphoneos*]" = "iPhone Developer";
				COPY_PHASE_STRIP = NO;
				ENABLE_STRICT_OBJC_MSGSEND = YES;
				GCC_C_LANGUAGE_STANDARD = gnu99;
				GCC_DYNAMIC_NO_PIC = NO;
				GCC_OPTIMIZATION_LEVEL = 0;
				GCC_PREPROCESSOR_DEFINITIONS = (
					"DEBUG=1",
					"$(inherited)",
				);
				GCC_SYMBOLS_PRIVATE_EXTERN = NO;
				GCC_WARN_64_TO_32_BIT_CONVERSION = YES;
				GCC_WARN_ABOUT_RETURN_TYPE = YES_ERROR;
				GCC_WARN_UNDECLARED_SELECTOR = YES;
				GCC_WARN_UNINITIALIZED_AUTOS = YES_AGGRESSIVE;
				GCC_WARN_UNUSED_FUNCTION = YES;
				GCC_WARN_UNUSED_VARIABLE = YES;
				IPHONEOS_DEPLOYMENT_TARGET = 8.1;
				MTL_ENABLE_DEBUG_INFO = YES;
				ONLY_ACTIVE_ARCH = YES;
				SDKROOT = iphoneos;
				TARGETED_DEVICE_FAMILY = "1,2";
			};
			name = Debug;
		};
		3109D8A01AA0F61800E60F71 /* Release */ = {
			isa = XCBuildConfiguration;
			buildSettings = {
				ALWAYS_SEARCH_USER_PATHS = NO;
				CLANG_CXX_LANGUAGE_STANDARD = "gnu++0x";
				CLANG_CXX_LIBRARY = "libc++";
				CLANG_ENABLE_MODULES = YES;
				CLANG_ENABLE_OBJC_ARC = YES;
				CLANG_WARN_BOOL_CONVERSION = YES;
				CLANG_WARN_CONSTANT_CONVERSION = YES;
				CLANG_WARN_DIRECT_OBJC_ISA_USAGE = YES_ERROR;
				CLANG_WARN_EMPTY_BODY = YES;
				CLANG_WARN_ENUM_CONVERSION = YES;
				CLANG_WARN_INT_CONVERSION = YES;
				CLANG_WARN_OBJC_ROOT_CLASS = YES_ERROR;
				CLANG_WARN_UNREACHABLE_CODE = YES;
				CLANG_WARN__DUPLICATE_METHOD_MATCH = YES;
				"CODE_SIGN_IDENTITY[sdk=iphoneos*]" = "iPhone Developer";
				COPY_PHASE_STRIP = YES;
				ENABLE_NS_ASSERTIONS = NO;
				ENABLE_STRICT_OBJC_MSGSEND = YES;
				GCC_C_LANGUAGE_STANDARD = gnu99;
				GCC_WARN_64_TO_32_BIT_CONVERSION = YES;
				GCC_WARN_ABOUT_RETURN_TYPE = YES_ERROR;
				GCC_WARN_UNDECLARED_SELECTOR = YES;
				GCC_WARN_UNINITIALIZED_AUTOS = YES_AGGRESSIVE;
				GCC_WARN_UNUSED_FUNCTION = YES;
				GCC_WARN_UNUSED_VARIABLE = YES;
				IPHONEOS_DEPLOYMENT_TARGET = 8.1;
				MTL_ENABLE_DEBUG_INFO = NO;
				SDKROOT = iphoneos;
				TARGETED_DEVICE_FAMILY = "1,2";
				VALIDATE_PRODUCT = YES;
			};
			name = Release;
		};
		3109D8A21AA0F61800E60F71 /* Debug */ = {
			isa = XCBuildConfiguration;
			buildSettings = {
				ASSETCATALOG_COMPILER_APPICON_NAME = AppIcon;
				INFOPLIST_FILE = anthill/Info.plist;
				LD_RUNPATH_SEARCH_PATHS = "$(inherited) @executable_path/Frameworks";
				PRODUCT_NAME = "$(TARGET_NAME)";
			};
			name = Debug;
		};
		3109D8A31AA0F61800E60F71 /* Release */ = {
			isa = XCBuildConfiguration;
			buildSettings = {
				ASSETCATALOG_COMPILER_APPICON_NAME = AppIcon;
				INFOPLIST_FILE = anthill/Info.plist;
				LD_RUNPATH_SEARCH_PATHS = "$(inherited) @executable_path/Frameworks";
				PRODUCT_NAME = "$(TARGET_NAME)";
			};
			name = Release;
		};
		3109D8A51AA0F61800E60F71 /* Debug */ = {
			isa = XCBuildConfiguration;
			buildSettings = {
				BUNDLE_LOADER = "$(TEST_HOST)";
				FRAMEWORK_SEARCH_PATHS = (
					"$(SDKROOT)/Developer/Library/Frameworks",
					"$(inherited)",
				);
				GCC_PREPROCESSOR_DEFINITIONS = (
					"DEBUG=1",
					"$(inherited)",
				);
				INFOPLIST_FILE = anthillTests/Info.plist;
				LD_RUNPATH_SEARCH_PATHS = "$(inherited) @executable_path/Frameworks @loader_path/Frameworks";
				PRODUCT_NAME = "$(TARGET_NAME)";
				TEST_HOST = "$(BUILT_PRODUCTS_DIR)/anthill.app/anthill";
			};
			name = Debug;
		};
		3109D8A61AA0F61800E60F71 /* Release */ = {
			isa = XCBuildConfiguration;
			buildSettings = {
				BUNDLE_LOADER = "$(TEST_HOST)";
				FRAMEWORK_SEARCH_PATHS = (
					"$(SDKROOT)/Developer/Library/Frameworks",
					"$(inherited)",
				);
				INFOPLIST_FILE = anthillTests/Info.plist;
				LD_RUNPATH_SEARCH_PATHS = "$(inherited) @executable_path/Frameworks @loader_path/Frameworks";
				PRODUCT_NAME = "$(TARGET_NAME)";
				TEST_HOST = "$(BUILT_PRODUCTS_DIR)/anthill.app/anthill";
			};
			name = Release;
		};
/* End XCBuildConfiguration section */

/* Begin XCConfigurationList section */
		3109D8791AA0F61700E60F71 /* Build configuration list for PBXProject "anthill" */ = {
			isa = XCConfigurationList;
			buildConfigurations = (
				3109D89F1AA0F61800E60F71 /* Debug */,
				3109D8A01AA0F61800E60F71 /* Release */,
			);
			defaultConfigurationIsVisible = 0;
			defaultConfigurationName = Release;
		};
		3109D8A11AA0F61800E60F71 /* Build configuration list for PBXNativeTarget "anthill" */ = {
			isa = XCConfigurationList;
			buildConfigurations = (
				3109D8A21AA0F61800E60F71 /* Debug */,
				3109D8A31AA0F61800E60F71 /* Release */,
			);
			defaultConfigurationIsVisible = 0;
		};
		3109D8A41AA0F61800E60F71 /* Build configuration list for PBXNativeTarget "anthillTests" */ = {
			isa = XCConfigurationList;
			buildConfigurations = (
				3109D8A51AA0F61800E60F71 /* Debug */,
				3109D8A61AA0F61800E60F71 /* Release */,
			);
			defaultConfigurationIsVisible = 0;
		};
/* End XCConfigurationList section */
	};
	rootObject = 3109D8761AA0F61700E60F71 /* Project object */;
}
