// !$*UTF8*$!
{
	archiveVersion = 1;
	classes = {
	};
	objectVersion = 46;
	objects = {

/* Begin PBXBuildFile section */
		312C47BD1AB35D4100FBD50C /* anthill.framework in Frameworks */ = {isa = PBXBuildFile; fileRef = 312C47BA1AB35D3600FBD50C /* anthill.framework */; };
		312C47CB1AB35ED300FBD50C /* anthill.framework in CopyFiles */ = {isa = PBXBuildFile; fileRef = 312C47BA1AB35D3600FBD50C /* anthill.framework */; settings = {ATTRIBUTES = (CodeSignOnCopy, RemoveHeadersOnCopy, ); }; };
		314B9C451AA3B9F000814818 /* AppDelegate.m in Sources */ = {isa = PBXBuildFile; fileRef = 314B9C441AA3B9F000814818 /* AppDelegate.m */; };
		314B9C471AA3B9F000814818 /* main.mm in Sources */ = {isa = PBXBuildFile; fileRef = 314B9C461AA3B9F000814818 /* main.mm */; };
		314B9C491AA3B9F000814818 /* Images.xcassets in Resources */ = {isa = PBXBuildFile; fileRef = 314B9C481AA3B9F000814818 /* Images.xcassets */; };
		314B9C4C1AA3B9F000814818 /* MainMenu.xib in Resources */ = {isa = PBXBuildFile; fileRef = 314B9C4A1AA3B9F000814818 /* MainMenu.xib */; };
/* End PBXBuildFile section */

/* Begin PBXContainerItemProxy section */
		312C47B91AB35D3600FBD50C /* PBXContainerItemProxy */ = {
			isa = PBXContainerItemProxy;
			containerPortal = 312C47B51AB35D3600FBD50C /* anthill.xcodeproj */;
			proxyType = 2;
			remoteGlobalIDString = 3156AE8D1AA2821600DB42B4;
			remoteInfo = anthill;
		};
		312C47BB1AB35D3D00FBD50C /* PBXContainerItemProxy */ = {
			isa = PBXContainerItemProxy;
			containerPortal = 312C47B51AB35D3600FBD50C /* anthill.xcodeproj */;
			proxyType = 1;
			remoteGlobalIDString = 3156AE8C1AA2821600DB42B4;
			remoteInfo = anthill;
		};
/* End PBXContainerItemProxy section */

/* Begin PBXCopyFilesBuildPhase section */
		314B9C6B1AA3BAA500814818 /* CopyFiles */ = {
			isa = PBXCopyFilesBuildPhase;
			buildActionMask = 2147483647;
			dstPath = "";
			dstSubfolderSpec = 10;
			files = (
				312C47CB1AB35ED300FBD50C /* anthill.framework in CopyFiles */,
			);
			runOnlyForDeploymentPostprocessing = 0;
		};
/* End PBXCopyFilesBuildPhase section */

/* Begin PBXFileReference section */
		312C47B51AB35D3600FBD50C /* anthill.xcodeproj */ = {isa = PBXFileReference; lastKnownFileType = "wrapper.pb-project"; name = anthill.xcodeproj; path = ../anthill/anthill.xcodeproj; sourceTree = "<group>"; };
		314B9C3E1AA3B9F000814818 /* mds.app */ = {isa = PBXFileReference; explicitFileType = wrapper.application; includeInIndex = 0; path = mds.app; sourceTree = BUILT_PRODUCTS_DIR; };
		314B9C421AA3B9F000814818 /* Info.plist */ = {isa = PBXFileReference; lastKnownFileType = text.plist.xml; path = Info.plist; sourceTree = "<group>"; };
		314B9C431AA3B9F000814818 /* AppDelegate.h */ = {isa = PBXFileReference; lastKnownFileType = sourcecode.c.h; path = AppDelegate.h; sourceTree = "<group>"; };
		314B9C441AA3B9F000814818 /* AppDelegate.m */ = {isa = PBXFileReference; lastKnownFileType = sourcecode.c.objc; path = AppDelegate.m; sourceTree = "<group>"; };
		314B9C461AA3B9F000814818 /* main.mm */ = {isa = PBXFileReference; lastKnownFileType = sourcecode.cpp.objcpp; path = main.mm; sourceTree = "<group>"; };
		314B9C481AA3B9F000814818 /* Images.xcassets */ = {isa = PBXFileReference; lastKnownFileType = folder.assetcatalog; path = Images.xcassets; sourceTree = "<group>"; };
		314B9C4B1AA3B9F000814818 /* Base */ = {isa = PBXFileReference; lastKnownFileType = file.xib; name = Base; path = Base.lproj/MainMenu.xib; sourceTree = "<group>"; };
		314B9C671AA3BA4400814818 /* mds_osx_debug.xcconfig */ = {isa = PBXFileReference; lastKnownFileType = text.xcconfig; path = mds_osx_debug.xcconfig; sourceTree = "<group>"; };
		314B9C681AA3BA7200814818 /* mds_osx_release.xcconfig */ = {isa = PBXFileReference; lastKnownFileType = text.xcconfig; path = mds_osx_release.xcconfig; sourceTree = "<group>"; };
/* End PBXFileReference section */

/* Begin PBXFrameworksBuildPhase section */
		314B9C3B1AA3B9F000814818 /* Frameworks */ = {
			isa = PBXFrameworksBuildPhase;
			buildActionMask = 2147483647;
			files = (
				312C47BD1AB35D4100FBD50C /* anthill.framework in Frameworks */,
			);
			runOnlyForDeploymentPostprocessing = 0;
		};
/* End PBXFrameworksBuildPhase section */

/* Begin PBXGroup section */
		312C47B61AB35D3600FBD50C /* Products */ = {
			isa = PBXGroup;
			children = (
				312C47BA1AB35D3600FBD50C /* anthill.framework */,
			);
			name = Products;
			sourceTree = "<group>";
		};
		314B9C351AA3B9F000814818 = {
			isa = PBXGroup;
			children = (
				312C47B51AB35D3600FBD50C /* anthill.xcodeproj */,
				314B9C681AA3BA7200814818 /* mds_osx_release.xcconfig */,
				314B9C671AA3BA4400814818 /* mds_osx_debug.xcconfig */,
				314B9C401AA3B9F000814818 /* mds */,
				314B9C3F1AA3B9F000814818 /* Products */,
			);
			sourceTree = "<group>";
		};
		314B9C3F1AA3B9F000814818 /* Products */ = {
			isa = PBXGroup;
			children = (
				314B9C3E1AA3B9F000814818 /* mds.app */,
			);
			name = Products;
			sourceTree = "<group>";
		};
		314B9C401AA3B9F000814818 /* mds */ = {
			isa = PBXGroup;
			children = (
				314B9C431AA3B9F000814818 /* AppDelegate.h */,
				314B9C441AA3B9F000814818 /* AppDelegate.m */,
				314B9C481AA3B9F000814818 /* Images.xcassets */,
				314B9C4A1AA3B9F000814818 /* MainMenu.xib */,
				314B9C411AA3B9F000814818 /* Supporting Files */,
			);
			path = mds;
			sourceTree = "<group>";
		};
		314B9C411AA3B9F000814818 /* Supporting Files */ = {
			isa = PBXGroup;
			children = (
				314B9C421AA3B9F000814818 /* Info.plist */,
				314B9C461AA3B9F000814818 /* main.mm */,
			);
			name = "Supporting Files";
			sourceTree = "<group>";
		};
/* End PBXGroup section */

/* Begin PBXNativeTarget section */
		314B9C3D1AA3B9F000814818 /* mds */ = {
			isa = PBXNativeTarget;
			buildConfigurationList = 314B9C5B1AA3B9F000814818 /* Build configuration list for PBXNativeTarget "mds" */;
			buildPhases = (
				314B9C3A1AA3B9F000814818 /* Sources */,
				314B9C3B1AA3B9F000814818 /* Frameworks */,
				314B9C3C1AA3B9F000814818 /* Resources */,
				314B9C6B1AA3BAA500814818 /* CopyFiles */,
			);
			buildRules = (
			);
			dependencies = (
				312C47BC1AB35D3D00FBD50C /* PBXTargetDependency */,
			);
			name = mds;
			productName = mds;
			productReference = 314B9C3E1AA3B9F000814818 /* mds.app */;
			productType = "com.apple.product-type.application";
		};
/* End PBXNativeTarget section */

/* Begin PBXProject section */
		314B9C361AA3B9F000814818 /* Project object */ = {
			isa = PBXProject;
			attributes = {
				LastUpgradeCheck = 0610;
				ORGANIZATIONNAME = cfr3;
				TargetAttributes = {
					314B9C3D1AA3B9F000814818 = {
						CreatedOnToolsVersion = 6.1.1;
					};
				};
			};
			buildConfigurationList = 314B9C391AA3B9F000814818 /* Build configuration list for PBXProject "mds" */;
			compatibilityVersion = "Xcode 3.2";
			developmentRegion = English;
			hasScannedForEncodings = 0;
			knownRegions = (
				en,
				Base,
			);
			mainGroup = 314B9C351AA3B9F000814818;
			productRefGroup = 314B9C3F1AA3B9F000814818 /* Products */;
			projectDirPath = "";
			projectReferences = (
				{
					ProductGroup = 312C47B61AB35D3600FBD50C /* Products */;
					ProjectRef = 312C47B51AB35D3600FBD50C /* anthill.xcodeproj */;
				},
			);
			projectRoot = "";
			targets = (
				314B9C3D1AA3B9F000814818 /* mds */,
			);
		};
/* End PBXProject section */

/* Begin PBXReferenceProxy section */
		312C47BA1AB35D3600FBD50C /* anthill.framework */ = {
			isa = PBXReferenceProxy;
			fileType = wrapper.framework;
			path = anthill.framework;
			remoteRef = 312C47B91AB35D3600FBD50C /* PBXContainerItemProxy */;
			sourceTree = BUILT_PRODUCTS_DIR;
		};
/* End PBXReferenceProxy section */

/* Begin PBXResourcesBuildPhase section */
		314B9C3C1AA3B9F000814818 /* Resources */ = {
			isa = PBXResourcesBuildPhase;
			buildActionMask = 2147483647;
			files = (
				314B9C491AA3B9F000814818 /* Images.xcassets in Resources */,
				314B9C4C1AA3B9F000814818 /* MainMenu.xib in Resources */,
			);
			runOnlyForDeploymentPostprocessing = 0;
		};
/* End PBXResourcesBuildPhase section */

/* Begin PBXSourcesBuildPhase section */
		314B9C3A1AA3B9F000814818 /* Sources */ = {
			isa = PBXSourcesBuildPhase;
			buildActionMask = 2147483647;
			files = (
				314B9C471AA3B9F000814818 /* main.mm in Sources */,
				314B9C451AA3B9F000814818 /* AppDelegate.m in Sources */,
			);
			runOnlyForDeploymentPostprocessing = 0;
		};
/* End PBXSourcesBuildPhase section */

/* Begin PBXTargetDependency section */
		312C47BC1AB35D3D00FBD50C /* PBXTargetDependency */ = {
			isa = PBXTargetDependency;
			name = anthill;
			targetProxy = 312C47BB1AB35D3D00FBD50C /* PBXContainerItemProxy */;
		};
/* End PBXTargetDependency section */

/* Begin PBXVariantGroup section */
		314B9C4A1AA3B9F000814818 /* MainMenu.xib */ = {
			isa = PBXVariantGroup;
			children = (
				314B9C4B1AA3B9F000814818 /* Base */,
			);
			name = MainMenu.xib;
			sourceTree = "<group>";
		};
/* End PBXVariantGroup section */

/* Begin XCBuildConfiguration section */
		314B9C591AA3B9F000814818 /* Debug */ = {
			isa = XCBuildConfiguration;
			buildSettings = {
				ALWAYS_SEARCH_USER_PATHS = NO;
				CLANG_CXX_LANGUAGE_STANDARD = "gnu++0x";
				CLANG_CXX_LIBRARY = "libc++";
				CLANG_ENABLE_MODULES = YES;
				CLANG_ENABLE_OBJC_ARC = YES;
				CLANG_WARN_BOOL_CONVERSION = YES;
				CLANG_WARN_CONSTANT_CONVERSION = YES;
				CLANG_WARN_DIRECT_OBJC_ISA_USAGE = YES_ERROR;
				CLANG_WARN_EMPTY_BODY = YES;
				CLANG_WARN_ENUM_CONVERSION = YES;
				CLANG_WARN_INT_CONVERSION = YES;
				CLANG_WARN_OBJC_ROOT_CLASS = YES_ERROR;
				CLANG_WARN_UNREACHABLE_CODE = YES;
				CLANG_WARN__DUPLICATE_METHOD_MATCH = YES;
				CODE_SIGN_IDENTITY = "-";
				COPY_PHASE_STRIP = NO;
				ENABLE_STRICT_OBJC_MSGSEND = YES;
				GCC_C_LANGUAGE_STANDARD = gnu99;
				GCC_DYNAMIC_NO_PIC = NO;
				GCC_OPTIMIZATION_LEVEL = 0;
				GCC_PREPROCESSOR_DEFINITIONS = (
					"DEBUG=1",
					"$(inherited)",
				);
				GCC_SYMBOLS_PRIVATE_EXTERN = NO;
				GCC_WARN_64_TO_32_BIT_CONVERSION = YES;
				GCC_WARN_ABOUT_RETURN_TYPE = YES_ERROR;
				GCC_WARN_UNDECLARED_SELECTOR = YES;
				GCC_WARN_UNINITIALIZED_AUTOS = YES_AGGRESSIVE;
				GCC_WARN_UNUSED_FUNCTION = YES;
				GCC_WARN_UNUSED_VARIABLE = YES;
				MACOSX_DEPLOYMENT_TARGET = 10.10;
				MTL_ENABLE_DEBUG_INFO = YES;
				ONLY_ACTIVE_ARCH = YES;
				SDKROOT = macosx;
			};
			name = Debug;
		};
		314B9C5A1AA3B9F000814818 /* Release */ = {
			isa = XCBuildConfiguration;
			buildSettings = {
				ALWAYS_SEARCH_USER_PATHS = NO;
				CLANG_CXX_LANGUAGE_STANDARD = "gnu++0x";
				CLANG_CXX_LIBRARY = "libc++";
				CLANG_ENABLE_MODULES = YES;
				CLANG_ENABLE_OBJC_ARC = YES;
				CLANG_WARN_BOOL_CONVERSION = YES;
				CLANG_WARN_CONSTANT_CONVERSION = YES;
				CLANG_WARN_DIRECT_OBJC_ISA_USAGE = YES_ERROR;
				CLANG_WARN_EMPTY_BODY = YES;
				CLANG_WARN_ENUM_CONVERSION = YES;
				CLANG_WARN_INT_CONVERSION = YES;
				CLANG_WARN_OBJC_ROOT_CLASS = YES_ERROR;
				CLANG_WARN_UNREACHABLE_CODE = YES;
				CLANG_WARN__DUPLICATE_METHOD_MATCH = YES;
				CODE_SIGN_IDENTITY = "-";
				COPY_PHASE_STRIP = YES;
				DEBUG_INFORMATION_FORMAT = "dwarf-with-dsym";
				ENABLE_NS_ASSERTIONS = NO;
				ENABLE_STRICT_OBJC_MSGSEND = YES;
				GCC_C_LANGUAGE_STANDARD = gnu99;
				GCC_WARN_64_TO_32_BIT_CONVERSION = YES;
				GCC_WARN_ABOUT_RETURN_TYPE = YES_ERROR;
				GCC_WARN_UNDECLARED_SELECTOR = YES;
				GCC_WARN_UNINITIALIZED_AUTOS = YES_AGGRESSIVE;
				GCC_WARN_UNUSED_FUNCTION = YES;
				GCC_WARN_UNUSED_VARIABLE = YES;
				MACOSX_DEPLOYMENT_TARGET = 10.10;
				MTL_ENABLE_DEBUG_INFO = NO;
				SDKROOT = macosx;
			};
			name = Release;
		};
		314B9C5C1AA3B9F000814818 /* Debug */ = {
			isa = XCBuildConfiguration;
			baseConfigurationReference = 314B9C671AA3BA4400814818 /* mds_osx_debug.xcconfig */;
			buildSettings = {
				ASSETCATALOG_COMPILER_APPICON_NAME = AppIcon;
				COMBINE_HIDPI_IMAGES = YES;
				INFOPLIST_FILE = mds/Info.plist;
				LD_RUNPATH_SEARCH_PATHS = "$(inherited) @executable_path/../Frameworks";
				PRODUCT_NAME = "$(TARGET_NAME)";
			};
			name = Debug;
		};
		314B9C5D1AA3B9F000814818 /* Release */ = {
			isa = XCBuildConfiguration;
			baseConfigurationReference = 314B9C681AA3BA7200814818 /* mds_osx_release.xcconfig */;
			buildSettings = {
				ASSETCATALOG_COMPILER_APPICON_NAME = AppIcon;
				COMBINE_HIDPI_IMAGES = YES;
				INFOPLIST_FILE = mds/Info.plist;
				LD_RUNPATH_SEARCH_PATHS = "$(inherited) @executable_path/../Frameworks";
				PRODUCT_NAME = "$(TARGET_NAME)";
			};
			name = Release;
		};
/* End XCBuildConfiguration section */

/* Begin XCConfigurationList section */
		314B9C391AA3B9F000814818 /* Build configuration list for PBXProject "mds" */ = {
			isa = XCConfigurationList;
			buildConfigurations = (
				314B9C591AA3B9F000814818 /* Debug */,
				314B9C5A1AA3B9F000814818 /* Release */,
			);
			defaultConfigurationIsVisible = 0;
			defaultConfigurationName = Release;
		};
		314B9C5B1AA3B9F000814818 /* Build configuration list for PBXNativeTarget "mds" */ = {
			isa = XCConfigurationList;
			buildConfigurations = (
				314B9C5C1AA3B9F000814818 /* Debug */,
				314B9C5D1AA3B9F000814818 /* Release */,
			);
			defaultConfigurationIsVisible = 0;
			defaultConfigurationName = Release;
		};
/* End XCConfigurationList section */
	};
	rootObject = 314B9C361AA3B9F000814818 /* Project object */;
}
